{
    "requires": true,
    "lockfileVersion": 1,
    "dependencies": {
        "laravel-vue-pagination": {
            "version": "2.3.1",
            "resolved": "https://registry.npmjs.org/laravel-vue-pagination/-/laravel-vue-pagination-2.3.1.tgz",
            "integrity": "sha512-I67KWSQiAJszVINoddLdHEZ1YBgDvs5lstXI88olRELBR7cQfVNUVly95kdIpHj/Qb+4L95lZ/iVfyifZfikyg=="
        },
        "vuejs-paginate": {
            "version": "2.1.0",
            "resolved": "https://registry.npmjs.org/vuejs-paginate/-/vuejs-paginate-2.1.0.tgz",
            "integrity": "sha512-gnwyXlmCiDOu9MLWxN5UJ4PGijKGNOMpHG8ujsrynCzTJljn/rp7Jq0WiDGDAMi5/u0AHuYIHhced+tUW4jblA=="
        }
    }
}
